
Microsoft Visual Studio Solution File, Format Version 12.00
# Visual Studio Version 16
VisualStudioVersion = 16.0.30011.22
MinimumVisualStudioVersion = 10.0.40219.1
Project("{FAE04EC0-301F-11D3-BF4B-00C04F79EFBC}") = "OOP, lab2", "OOP, lab2\OOP, lab2.csproj", "{E2052ABC-248A-4654-873A-5BF7BB50C73D}"
EndProject
Global
	GlobalSection(SolutionConfigurationPlatforms) = preSolution
		Debug|Any CPU = Debug|Any CPU
		Release|Any CPU = Release|Any CPU
	EndGlobalSection
	GlobalSection(ProjectConfigurationPlatforms) = postSolution
		{E2052ABC-248A-4654-873A-5BF7BB50C73D}.Debug|Any CPU.ActiveCfg = Debug|Any CPU
		{E2052ABC-248A-4654-873A-5BF7BB50C73D}.Debug|Any CPU.Build.0 = Debug|Any CPU
		{E2052ABC-248A-4654-873A-5BF7BB50C73D}.Release|Any CPU.ActiveCfg = Release|Any CPU
		{E2052ABC-248A-4654-873A-5BF7BB50C73D}.Release|Any CPU.Build.0 = Release|Any CPU
	EndGlobalSection
	GlobalSection(SolutionProperties) = preSolution
		HideSolutionNode = FALSE
	EndGlobalSection
	GlobalSection(ExtensibilityGlobals) = postSolution
		SolutionGuid = {448D1734-A13D-4D0B-BFF6-4E9225CAACF0}
	EndGlobalSection
EndGlobal
